
Microsoft Visual Studio Solution File, Format Version 12.00
# Visual Studio Version 16
VisualStudioVersion = 16.0.30204.135
MinimumVisualStudioVersion = 10.0.40219.1
Project("{FAE04EC0-301F-11D3-BF4B-00C04F79EFBC}") = "RazorPagesMovie", "RazorPagesMovie.csproj", "{0A9D186B-05CF-4668-A79A-57830A0EF869}"
EndProject
Global
	GlobalSection(SolutionConfigurationPlatforms) = preSolution
		Debug|Any CPU = Debug|Any CPU
		Release|Any CPU = Release|Any CPU
	EndGlobalSection
	GlobalSection(ProjectConfigurationPlatforms) = postSolution
		{0A9D186B-05CF-4668-A79A-57830A0EF869}.Debug|Any CPU.ActiveCfg = Debug|Any CPU
		{0A9D186B-05CF-4668-A79A-57830A0EF869}.Debug|Any CPU.Build.0 = Debug|Any CPU
		{0A9D186B-05CF-4668-A79A-57830A0EF869}.Release|Any CPU.ActiveCfg = Release|Any CPU
		{0A9D186B-05CF-4668-A79A-57830A0EF869}.Release|Any CPU.Build.0 = Release|Any CPU
	EndGlobalSection
	GlobalSection(SolutionProperties) = preSolution
		HideSolutionNode = FALSE
	EndGlobalSection
	GlobalSection(ExtensibilityGlobals) = postSolution
		SolutionGuid = {914F47F4-BCD6-4AAC-B1C4-8725A57FBFE4}
	EndGlobalSection
EndGlobal
